
Microsoft Visual Studio Solution File, Format Version 12.00
# Visual Studio Version 16
VisualStudioVersion = 16.0.30711.63
MinimumVisualStudioVersion = 10.0.40219.1
Project("{2150E333-8FDC-42A3-9474-1A3956D46DE8}") = "Lesson4", "Lesson4", "{8E53C520-47E2-464C-A3D4-7211A998670F}"
EndProject
Project("{9A19103F-16F7-4668-BE54-9A1E7A4F7556}") = "Lesson4_Homework", "Lesson4\Lesson4_Homework\Lesson4_Homework.csproj", "{AE063CD5-F2B0-43C2-88A2-2880D471F161}"
EndProject
Project("{9A19103F-16F7-4668-BE54-9A1E7A4F7556}") = "IT_AcademyHomework.Common.Validation", "Common\IT_AcademyHomework.Common.Validation\IT_AcademyHomework.Common.Validation.csproj", "{5A302B8A-B14E-45E2-9FAB-061B93E19088}"
EndProject
Project("{2150E333-8FDC-42A3-9474-1A3956D46DE8}") = "Common", "Common", "{37628CF9-B1C1-489C-8728-DD8F61BDC73A}"
EndProject
Project("{2150E333-8FDC-42A3-9474-1A3956D46DE8}") = "Tests", "Tests", "{61FB91EB-DD24-4836-8340-E13DC1572504}"
EndProject
Project("{9A19103F-16F7-4668-BE54-9A1E7A4F7556}") = "IT_AcademyHomework.Tests", "Tests\IT_AcademyHomework.Tests\IT_AcademyHomework.Tests.csproj", "{4FFC5627-F8F2-40F1-8B13-D62D3116FDFF}"
EndProject
Project("{2150E333-8FDC-42A3-9474-1A3956D46DE8}") = "Lesson5", "Lesson5", "{6CD6F587-8F4A-48A8-962B-8FC71876A05E}"
EndProject
Project("{9A19103F-16F7-4668-BE54-9A1E7A4F7556}") = "Lesson5_Homework", "Lesson5\Lesson5_Homework\Lesson5_Homework.csproj", "{29171474-291C-43E8-A75C-55B1068394BE}"
EndProject
Project("{2150E333-8FDC-42A3-9474-1A3956D46DE8}") = "Lesson6", "Lesson6", "{3F7669C5-B562-4445-B5A1-BD579E7BF59E}"
EndProject
Project("{9A19103F-16F7-4668-BE54-9A1E7A4F7556}") = "Lesson6_Homework", "Lesson6\Lesson6_Homework\Lesson6_Homework.csproj", "{3DB39D51-7624-4B37-B050-1346864558EC}"
EndProject
Project("{2150E333-8FDC-42A3-9474-1A3956D46DE8}") = "Repository", "Repository", "{CD779A8A-4B4F-44C8-B267-623AB35D38B9}"
EndProject
Project("{FAE04EC0-301F-11D3-BF4B-00C04F79EFBC}") = "It_AcademyHomework.Repository.Common", "Repository\It_AcademyHomework.Repository.Common\It_AcademyHomework.Repository.Common.csproj", "{73E4D369-6113-4041-AC43-63B98AB68427}"
EndProject
Project("{FAE04EC0-301F-11D3-BF4B-00C04F79EFBC}") = "It_AcademyHomework.Repository.AdoNet", "Repository\It_AcademiHomework.Repository.AdoNet\It_AcademyHomework.Repository.AdoNet.csproj", "{956F1E41-5C6B-4C77-A411-FF6DCA2A3121}"
EndProject
Global
	GlobalSection(SolutionConfigurationPlatforms) = preSolution
		Debug|Any CPU = Debug|Any CPU
		Release|Any CPU = Release|Any CPU
	EndGlobalSection
	GlobalSection(ProjectConfigurationPlatforms) = postSolution
		{AE063CD5-F2B0-43C2-88A2-2880D471F161}.Debug|Any CPU.ActiveCfg = Debug|Any CPU
		{AE063CD5-F2B0-43C2-88A2-2880D471F161}.Debug|Any CPU.Build.0 = Debug|Any CPU
		{AE063CD5-F2B0-43C2-88A2-2880D471F161}.Release|Any CPU.ActiveCfg = Release|Any CPU
		{AE063CD5-F2B0-43C2-88A2-2880D471F161}.Release|Any CPU.Build.0 = Release|Any CPU
		{5A302B8A-B14E-45E2-9FAB-061B93E19088}.Debug|Any CPU.ActiveCfg = Debug|Any CPU
		{5A302B8A-B14E-45E2-9FAB-061B93E19088}.Debug|Any CPU.Build.0 = Debug|Any CPU
		{5A302B8A-B14E-45E2-9FAB-061B93E19088}.Release|Any CPU.ActiveCfg = Release|Any CPU
		{5A302B8A-B14E-45E2-9FAB-061B93E19088}.Release|Any CPU.Build.0 = Release|Any CPU
		{4FFC5627-F8F2-40F1-8B13-D62D3116FDFF}.Debug|Any CPU.ActiveCfg = Debug|Any CPU
		{4FFC5627-F8F2-40F1-8B13-D62D3116FDFF}.Debug|Any CPU.Build.0 = Debug|Any CPU
		{4FFC5627-F8F2-40F1-8B13-D62D3116FDFF}.Release|Any CPU.ActiveCfg = Release|Any CPU
		{4FFC5627-F8F2-40F1-8B13-D62D3116FDFF}.Release|Any CPU.Build.0 = Release|Any CPU
		{29171474-291C-43E8-A75C-55B1068394BE}.Debug|Any CPU.ActiveCfg = Debug|Any CPU
		{29171474-291C-43E8-A75C-55B1068394BE}.Debug|Any CPU.Build.0 = Debug|Any CPU
		{29171474-291C-43E8-A75C-55B1068394BE}.Release|Any CPU.ActiveCfg = Release|Any CPU
		{29171474-291C-43E8-A75C-55B1068394BE}.Release|Any CPU.Build.0 = Release|Any CPU
		{3DB39D51-7624-4B37-B050-1346864558EC}.Debug|Any CPU.ActiveCfg = Debug|Any CPU
		{3DB39D51-7624-4B37-B050-1346864558EC}.Debug|Any CPU.Build.0 = Debug|Any CPU
		{3DB39D51-7624-4B37-B050-1346864558EC}.Release|Any CPU.ActiveCfg = Release|Any CPU
		{3DB39D51-7624-4B37-B050-1346864558EC}.Release|Any CPU.Build.0 = Release|Any CPU
		{73E4D369-6113-4041-AC43-63B98AB68427}.Debug|Any CPU.ActiveCfg = Debug|Any CPU
		{73E4D369-6113-4041-AC43-63B98AB68427}.Debug|Any CPU.Build.0 = Debug|Any CPU
		{73E4D369-6113-4041-AC43-63B98AB68427}.Release|Any CPU.ActiveCfg = Release|Any CPU
		{73E4D369-6113-4041-AC43-63B98AB68427}.Release|Any CPU.Build.0 = Release|Any CPU
		{956F1E41-5C6B-4C77-A411-FF6DCA2A3121}.Debug|Any CPU.ActiveCfg = Debug|Any CPU
		{956F1E41-5C6B-4C77-A411-FF6DCA2A3121}.Debug|Any CPU.Build.0 = Debug|Any CPU
		{956F1E41-5C6B-4C77-A411-FF6DCA2A3121}.Release|Any CPU.ActiveCfg = Release|Any CPU
		{956F1E41-5C6B-4C77-A411-FF6DCA2A3121}.Release|Any CPU.Build.0 = Release|Any CPU
	EndGlobalSection
	GlobalSection(SolutionProperties) = preSolution
		HideSolutionNode = FALSE
	EndGlobalSection
	GlobalSection(NestedProjects) = preSolution
		{AE063CD5-F2B0-43C2-88A2-2880D471F161} = {8E53C520-47E2-464C-A3D4-7211A998670F}
		{5A302B8A-B14E-45E2-9FAB-061B93E19088} = {37628CF9-B1C1-489C-8728-DD8F61BDC73A}
		{4FFC5627-F8F2-40F1-8B13-D62D3116FDFF} = {61FB91EB-DD24-4836-8340-E13DC1572504}
		{29171474-291C-43E8-A75C-55B1068394BE} = {6CD6F587-8F4A-48A8-962B-8FC71876A05E}
		{3DB39D51-7624-4B37-B050-1346864558EC} = {3F7669C5-B562-4445-B5A1-BD579E7BF59E}
		{73E4D369-6113-4041-AC43-63B98AB68427} = {CD779A8A-4B4F-44C8-B267-623AB35D38B9}
		{956F1E41-5C6B-4C77-A411-FF6DCA2A3121} = {CD779A8A-4B4F-44C8-B267-623AB35D38B9}
	EndGlobalSection
	GlobalSection(ExtensibilityGlobals) = postSolution
		SolutionGuid = {027E78F0-1C16-4853-A97F-4C86A6FA08D6}
	EndGlobalSection
EndGlobal
